{
  "pins" : [
    {
      "identity" : "alamofire",
      "kind" : "remoteSourceControl",
      "location" : "https://github.com/Alamofire/Alamofire.git",
      "state" : {
        "revision" : "b2fa556e4e48cbf06cf8c63def138c98f4b811fa",
        "version" : "5.8.0"
      }
    },
    {
      "identity" : "opentds-swiftui",
      "kind" : "remoteSourceControl",
      "location" : "https://github.com/OpenToss/OpenTDS-SwiftUI.git",
      "state" : {
        "branch" : "main",
        "revision" : "d01eb94fc0e787241ed5bb0f1cec32ce0c449af3"
      }
    }
  ],
  "version" : 2
}
